
Microsoft Visual Studio Solution File, Format Version 12.00
# Visual Studio Version 17
VisualStudioVersion = 17.5.002.0
MinimumVisualStudioVersion = 10.0.40219.1
Project("{9A19103F-16F7-4668-BE54-9A1E7A4F7556}") = "BlazingPizza", "BlazingPizza.csproj", "{AB915EE7-377D-4367-A087-879182FA5A3B}"
EndProject
Global
	GlobalSection(SolutionConfigurationPlatforms) = preSolution
		Debug|Any CPU = Debug|Any CPU
		Release|Any CPU = Release|Any CPU
	EndGlobalSection
	GlobalSection(ProjectConfigurationPlatforms) = postSolution
		{AB915EE7-377D-4367-A087-879182FA5A3B}.Debug|Any CPU.ActiveCfg = Debug|Any CPU
		{AB915EE7-377D-4367-A087-879182FA5A3B}.Debug|Any CPU.Build.0 = Debug|Any CPU
		{AB915EE7-377D-4367-A087-879182FA5A3B}.Release|Any CPU.ActiveCfg = Release|Any CPU
		{AB915EE7-377D-4367-A087-879182FA5A3B}.Release|Any CPU.Build.0 = Release|Any CPU
	EndGlobalSection
	GlobalSection(SolutionProperties) = preSolution
		HideSolutionNode = FALSE
	EndGlobalSection
	GlobalSection(ExtensibilityGlobals) = postSolution
		SolutionGuid = {3A8D1C66-7B27-48DE-AF52-FD259C60302C}
	EndGlobalSection
EndGlobal
